{
  "name": "@bellatrix/extras",
  "version": "0.0.1",
  "lockfileVersion": 3,
  "requires": true,
  "packages": {
    "": {
      "name": "@bellatrix/extras",
      "version": "0.0.1",
      "dependencies": {
        "@bellatrix/core": "file:../core",
        "@bellatrix/web": "file:../web"
      },
      "peerDependencies": {
        "typescript": "^5.0.0"
      }
    },
    "../core": {
      "version": "0.0.1",
      "dependencies": {
        "@jest/globals": "^29.7.0",
        "@playwright/test": "^1.41.0",
        "jasmine": "^5.1.0",
        "jasmine-core": "^5.1.1",
        "mocha": "^10.2.0",
        "vitest": "^3.0.5"
      },
      "devDependencies": {
        "c8": "^9.1.0",
        "chai": "^4.4.1",
        "cross-env": "^7.0.3",
        "fix-esm-import-path": "^1.5.0"
      },
      "peerDependencies": {
        "typescript": "^5.0.0"
      }
    },
    "../web": {
      "version": "0.0.1",
      "dependencies": {
        "@bellatrix/core": "file:../core",
        "@playwright/test": "^1.41.0",
        "@xmldom/xmldom": "^0.8.10",
        "selenium-webdriver": "^4.16.0",
        "stack-trace": "^1.0.0-pre2",
        "xpath": "^0.0.34"
      },
      "devDependencies": {
        "@types/selenium-webdriver": "^4.1.21",
        "@types/stack-trace": "^0.0.33"
      },
      "peerDependencies": {
        "typescript": "^5.0.0"
      }
    },
    "node_modules/@bellatrix/core": {
      "resolved": "../core",
      "link": true
    },
    "node_modules/@bellatrix/web": {
      "resolved": "../web",
      "link": true
    },
    "node_modules/typescript": {
      "version": "5.7.3",
      "resolved": "https://registry.npmjs.org/typescript/-/typescript-5.7.3.tgz",
      "integrity": "sha512-84MVSjMEHP+FQRPy3pX9sTVV/INIex71s9TL2Gm5FG/WG1SqXeKyZ0k7/blY/4FdOzI12CBy1vGc4og/eus0fw==",
      "license": "Apache-2.0",
      "peer": true,
      "bin": {
        "tsc": "bin/tsc",
        "tsserver": "bin/tsserver"
      },
      "engines": {
        "node": ">=14.17"
      }
    }
  }
}
