{
  "name": "example",
  "version": "0.0.1",
  "lockfileVersion": 3,
  "requires": true,
  "packages": {
    "": {
      "name": "example",
      "version": "0.0.1",
      "dependencies": {
        "@bellatrix/core": "file:../@bellatrix/core",
        "@bellatrix/extras": "file:../@bellatrix/extras",
        "@bellatrix/runner": "file:../@bellatrix/runner",
        "@bellatrix/web": "file:../@bellatrix/web"
      },
      "peerDependencies": {
        "typescript": "^5.7.3"
      }
    },
    "../@bellatrix/core": {
      "version": "0.0.1",
      "dependencies": {
        "@playwright/test": "^1.50.1",
        "vitest": "^3.0.5"
      },
      "devDependencies": {
        "c8": "^9.1.0",
        "chai": "^4.4.1",
        "cross-env": "^7.0.3",
        "fix-esm-import-path": "^1.5.0"
      },
      "peerDependencies": {
        "typescript": "^5.7.3"
      }
    },
    "../@bellatrix/extras": {
      "version": "0.0.1",
      "dependencies": {
        "@bellatrix/core": "file:../core",
        "@bellatrix/web": "file:../web"
      },
      "peerDependencies": {
        "typescript": "^5.7.3"
      }
    },
    "../@bellatrix/runner": {
      "version": "0.0.1",
      "dependencies": {
        "playwright": "^1.41.0",
        "ts-node": "^10.9.2",
        "ts-paths-esm-loader": "^1.4.3",
        "vite-tsconfig-paths": "^4.3.2",
        "yargs": "^17.7.2"
      },
      "bin": {
        "bellatrix": "bellatrix.js"
      },
      "peerDependencies": {
        "typescript": "^5.7.3"
      }
    },
    "../@bellatrix/web": {
      "version": "0.0.1",
      "dependencies": {
        "@bellatrix/core": "file:../core",
        "@xmldom/xmldom": "^0.8.10",
        "selenium-webdriver": "^4.16.0",
        "stack-trace": "^1.0.0-pre2",
        "xpath": "^0.0.34"
      },
      "devDependencies": {
        "@types/selenium-webdriver": "^4.1.21",
        "@types/stack-trace": "^0.0.33"
      },
      "peerDependencies": {
        "typescript": "^5.7.3"
      }
    },
    "node_modules/@bellatrix/core": {
      "resolved": "../@bellatrix/core",
      "link": true
    },
    "node_modules/@bellatrix/extras": {
      "resolved": "../@bellatrix/extras",
      "link": true
    },
    "node_modules/@bellatrix/runner": {
      "resolved": "../@bellatrix/runner",
      "link": true
    },
    "node_modules/@bellatrix/web": {
      "resolved": "../@bellatrix/web",
      "link": true
    },
    "node_modules/typescript": {
      "version": "5.7.3",
      "resolved": "https://registry.npmjs.org/typescript/-/typescript-5.7.3.tgz",
      "integrity": "sha512-84MVSjMEHP+FQRPy3pX9sTVV/INIex71s9TL2Gm5FG/WG1SqXeKyZ0k7/blY/4FdOzI12CBy1vGc4og/eus0fw==",
      "license": "Apache-2.0",
      "peer": true,
      "bin": {
        "tsc": "bin/tsc",
        "tsserver": "bin/tsserver"
      },
      "engines": {
        "node": ">=14.17"
      }
    }
  }
}
