{
  "name": "example",
  "version": "0.0.1",
  "lockfileVersion": 3,
  "requires": true,
  "packages": {
    "": {
      "name": "example",
      "version": "0.0.1",
      "dependencies": {
        "@bellatrix/core": "file:../@bellatrix/core",
        "@bellatrix/extras": "file:../@bellatrix/extras",
        "@bellatrix/runner": "file:../@bellatrix/runner",
        "@bellatrix/web": "file:../@bellatrix/web"
      },
      "peerDependencies": {
        "typescript": "^5.0.0"
      }
    },
    "../@bellatrix/core": {
      "version": "0.0.1",
      "dependencies": {
        "@jest/globals": "^29.7.0",
        "@playwright/test": "^1.41.0",
        "jasmine": "^5.1.0",
        "jasmine-core": "^5.1.1",
        "mocha": "^10.2.0",
        "reflect-metadata": "^0.2.1",
        "vitest": "^1.2.1"
      },
      "devDependencies": {
        "c8": "^9.1.0",
        "chai": "^4.4.1",
        "cross-env": "^7.0.3",
        "fix-esm-import-path": "^1.5.0"
      },
      "peerDependencies": {
        "typescript": "^5.0.0"
      }
    },
    "../@bellatrix/extras": {
      "version": "0.0.1",
      "dependencies": {
        "@bellatrix/core": "file:../core",
        "@bellatrix/web": "file:../web"
      },
      "peerDependencies": {
        "typescript": "^5.0.0"
      }
    },
    "../@bellatrix/runner": {
      "version": "0.0.1",
      "dependencies": {
        "esm": "^3.2.25",
        "jasmine": "^5.1.0",
        "jasmine-reporters": "^2.5.2",
        "jasmine-trx-reporter": "^2.3.0",
        "jest-cli": "^29.7.0",
        "jest-junit": "^16.0.0",
        "jest-nunit-reporter": "^1.3.1",
        "jest-trx-results-processor": "^3.0.2",
        "jest-xunit": "^1.0.11",
        "minimist": "^1.2.8",
        "mocha": "^10.2.0",
        "mocha-json-output-reporter": "^2.1.0",
        "mocha-junit-reporter": "^2.2.1",
        "mocha-trx-reporter": "^3.3.1",
        "mocha-xunit-reporter": "^2.3.0",
        "playwright": "^1.41.0",
        "playwright-trx-reporter": "^1.0.10",
        "ts-jest": "^29.1.1",
        "ts-node": "^10.9.2",
        "ts-paths-esm-loader": "^1.4.3",
        "tsconfig-paths": "^4.2.0",
        "vite-tsconfig-paths": "^4.3.1"
      },
      "bin": {
        "bellatrix": "bellatrix.js"
      },
      "devDependencies": {
        "@types/jest": "^29.5.11",
        "@types/jest-cli": "^24.3.0",
        "@types/mocha": "^10.0.6"
      },
      "peerDependencies": {
        "typescript": "^5.0.0"
      }
    },
    "../@bellatrix/web": {
      "version": "0.0.1",
      "dependencies": {
        "@bellatrix/core": "file:../core",
        "@xmldom/xmldom": "^0.8.10",
        "selenium-webdriver": "^4.16.0",
        "stack-trace": "^1.0.0-pre2",
        "xpath": "^0.0.34"
      },
      "devDependencies": {
        "@types/selenium-webdriver": "^4.1.21",
        "@types/stack-trace": "^0.0.33"
      },
      "peerDependencies": {
        "typescript": "^5.0.0"
      }
    },
    "node_modules/@bellatrix/core": {
      "resolved": "../@bellatrix/core",
      "link": true
    },
    "node_modules/@bellatrix/extras": {
      "resolved": "../@bellatrix/extras",
      "link": true
    },
    "node_modules/@bellatrix/runner": {
      "resolved": "../@bellatrix/runner",
      "link": true
    },
    "node_modules/@bellatrix/web": {
      "resolved": "../@bellatrix/web",
      "link": true
    },
    "node_modules/typescript": {
      "version": "5.7.3",
      "resolved": "https://registry.npmjs.org/typescript/-/typescript-5.7.3.tgz",
      "integrity": "sha512-84MVSjMEHP+FQRPy3pX9sTVV/INIex71s9TL2Gm5FG/WG1SqXeKyZ0k7/blY/4FdOzI12CBy1vGc4og/eus0fw==",
      "license": "Apache-2.0",
      "peer": true,
      "bin": {
        "tsc": "bin/tsc",
        "tsserver": "bin/tsserver"
      },
      "engines": {
        "node": ">=14.17"
      }
    }
  }
}
